{
  "name": "gitu",
  "version": "1.0.0",
  "lockfileVersion": 1,
  "requires": true,
  "dependencies": {
    "spinal-core-connectorjs": {
      "version": "git+https://github.com/spinalcom/spinal-core-connectorjs.git#9568cda33967fc095e0539a8474bc959c4e4ee00",
      "from": "git+https://github.com/spinalcom/spinal-core-connectorjs.git",
      "requires": {
        "xhr2": "^0.1.3"
      }
    },
    "spinal-core-connectorjs_type": {
      "version": "git+https://github.com/spinalcom/spinal-core-connectorjs_type.git#c1e68093adcbd8e8c26940f8c2ad6bf5cc274736",
      "from": "git+https://github.com/spinalcom/spinal-core-connectorjs_type.git",
      "requires": {
        "spinal-core-connectorjs": "git+https://github.com/spinalcom/spinal-core-connectorjs.git"
      }
    },
    "xhr2": {
      "version": "0.1.4",
      "resolved": "https://registry.npmjs.org/xhr2/-/xhr2-0.1.4.tgz",
      "integrity": "sha1-f4dliEdxbbUCYyOBL4GMras4el8="
    }
  }
}
